
Microsoft Visual Studio Solution File, Format Version 12.00
# Visual Studio Version 17
VisualStudioVersion = 17.4.33122.133
MinimumVisualStudioVersion = 10.0.40219.1
Project("{FAE04EC0-301F-11D3-BF4B-00C04F79EFBC}") = "Grafiky", "Grafiky\Grafiky.csproj", "{5313CCFD-D1A0-4728-8D40-A680911B6940}"
EndProject
Global
	GlobalSection(SolutionConfigurationPlatforms) = preSolution
		Debug|Any CPU = Debug|Any CPU
		Release|Any CPU = Release|Any CPU
	EndGlobalSection
	GlobalSection(ProjectConfigurationPlatforms) = postSolution
		{5313CCFD-D1A0-4728-8D40-A680911B6940}.Debug|Any CPU.ActiveCfg = Debug|Any CPU
		{5313CCFD-D1A0-4728-8D40-A680911B6940}.Debug|Any CPU.Build.0 = Debug|Any CPU
		{5313CCFD-D1A0-4728-8D40-A680911B6940}.Release|Any CPU.ActiveCfg = Release|Any CPU
		{5313CCFD-D1A0-4728-8D40-A680911B6940}.Release|Any CPU.Build.0 = Release|Any CPU
	EndGlobalSection
	GlobalSection(SolutionProperties) = preSolution
		HideSolutionNode = FALSE
	EndGlobalSection
	GlobalSection(ExtensibilityGlobals) = postSolution
		SolutionGuid = {94AD2ADA-C895-4E0A-853D-5567296778EC}
	EndGlobalSection
EndGlobal
